
Microsoft Visual Studio Solution File, Format Version 12.00
# Visual Studio Version 16
VisualStudioVersion = 16.0.30413.136
MinimumVisualStudioVersion = 10.0.40219.1
Project("{FAE04EC0-301F-11D3-BF4B-00C04F79EFBC}") = "Resume_Project", "Resume_Project\Resume_Project.csproj", "{C7EA2015-1B57-46CC-9DC7-514D140C161A}"
EndProject
Global
	GlobalSection(SolutionConfigurationPlatforms) = preSolution
		Debug|Any CPU = Debug|Any CPU
		Release|Any CPU = Release|Any CPU
	EndGlobalSection
	GlobalSection(ProjectConfigurationPlatforms) = postSolution
		{C7EA2015-1B57-46CC-9DC7-514D140C161A}.Debug|Any CPU.ActiveCfg = Debug|Any CPU
		{C7EA2015-1B57-46CC-9DC7-514D140C161A}.Debug|Any CPU.Build.0 = Debug|Any CPU
		{C7EA2015-1B57-46CC-9DC7-514D140C161A}.Release|Any CPU.ActiveCfg = Release|Any CPU
		{C7EA2015-1B57-46CC-9DC7-514D140C161A}.Release|Any CPU.Build.0 = Release|Any CPU
	EndGlobalSection
	GlobalSection(SolutionProperties) = preSolution
		HideSolutionNode = FALSE
	EndGlobalSection
	GlobalSection(ExtensibilityGlobals) = postSolution
		SolutionGuid = {C7FF756E-24D7-4ACA-968F-FDDECF4C7C31}
	EndGlobalSection
EndGlobal
